{
    "_readme": [
        "This file locks the dependencies of your project to a known state",
        "Read more about it at https://getcomposer.org/doc/01-basic-usage.md#installing-dependencies",
        "This file is @generated automatically"
    ],
    "content-hash": "ab8ad20eb12e1bb1b481af349d9925d9",
    "packages": [
        {
            "name": "yiisoft/arrays",
            "version": "2.0.0",
            "source": {
                "type": "git",
                "url": "https://github.com/yiisoft/arrays.git",
                "reference": "eeeabbbfb1cf0f93902ca254eaa56248d3e890dd"
            },
            "dist": {
                "type": "zip",
                "url": "https://api.github.com/repos/yiisoft/arrays/zipball/eeeabbbfb1cf0f93902ca254eaa56248d3e890dd",
                "reference": "eeeabbbfb1cf0f93902ca254eaa56248d3e890dd",
                "shasum": ""
            },
            "require": {
                "php": "^7.4|^8.0",
                "yiisoft/strings": "^2.0"
            },
            "require-dev": {
                "phpunit/phpunit": "^9.5",
                "roave/infection-static-analysis-plugin": "^1.9",
                "spatie/phpunit-watcher": "^1.23",
                "vimeo/psalm": "^4.9"
            },
            "type": "library",
            "autoload": {
                "psr-4": {
                    "Yiisoft\\Arrays\\": "src"
                }
            },
            "notification-url": "https://packagist.org/downloads/",
            "license": [
                "BSD-3-Clause"
            ],
            "description": "Yii Array Helper",
            "homepage": "http://www.yiiframework.com/",
            "keywords": [
                "array",
                "helper",
                "yii"
            ],
            "support": {
                "chat": "https://t.me/yii3en",
                "forum": "https://forum.yiiframework.com/",
                "irc": "irc://irc.freenode.net/yii",
                "issues": "https://github.com/yiisoft/arrays/issues",
                "source": "https://github.com/yiisoft/arrays",
                "wiki": "https://www.yiiframework.com/wiki/"
            },
            "funding": [
                {
                    "url": "https://github.com/sponsors/yiisoft",
                    "type": "github"
                },
                {
                    "url": "https://opencollective.com/yiisoft",
                    "type": "opencollective"
                }
            ],
            "time": "2021-10-23T20:52:49+00:00"
        },
        {
            "name": "yiisoft/friendly-exception",
            "version": "1.1.0",
            "source": {
                "type": "git",
                "url": "https://github.com/yiisoft/friendly-exception.git",
                "reference": "4b4a19edff251791e3c92d4d83435d2716351ff4"
            },
            "dist": {
                "type": "zip",
                "url": "https://api.github.com/repos/yiisoft/friendly-exception/zipball/4b4a19edff251791e3c92d4d83435d2716351ff4",
                "reference": "4b4a19edff251791e3c92d4d83435d2716351ff4",
                "shasum": ""
            },
            "require": {
                "php": "^7.1|^8.0"
            },
            "require-dev": {
                "phpunit/phpunit": "^9.4",
                "roave/infection-static-analysis-plugin": "^1.5",
                "spatie/phpunit-watcher": "^1.23",
                "vimeo/psalm": "^4.3"
            },
            "type": "library",
            "autoload": {
                "psr-4": {
                    "Yiisoft\\FriendlyException\\": "src"
                }
            },
            "notification-url": "https://packagist.org/downloads/",
            "license": [
                "BSD-3-Clause"
            ],
            "description": "An interface for friendlier exception",
            "homepage": "http://www.yiiframework.com/",
            "keywords": [
                "error handling",
                "exception",
                "exceptions",
                "friendly"
            ],
            "support": {
                "forum": "http://www.yiiframework.com/forum/",
                "irc": "irc://irc.freenode.net/yii",
                "issues": "https://github.com/yiisoft/friendly-exception/issues?state=open",
                "source": "https://github.com/yiisoft/friendly-exception",
                "wiki": "http://www.yiiframework.com/wiki/"
            },
            "funding": [
                {
                    "url": "https://github.com/yiisoft",
                    "type": "github"
                },
                {
                    "url": "https://opencollective.com/yiisoft",
                    "type": "open_collective"
                }
            ],
            "time": "2021-10-26T21:43:25+00:00"
        },
        {
            "name": "yiisoft/network-utilities",
            "version": "1.0.0",
            "source": {
                "type": "git",
                "url": "https://github.com/yiisoft/network-utilities.git",
                "reference": "44c797d7c400a921bd511b64b2b55adb176cd629"
            },
            "dist": {
                "type": "zip",
                "url": "https://api.github.com/repos/yiisoft/network-utilities/zipball/44c797d7c400a921bd511b64b2b55adb176cd629",
                "reference": "44c797d7c400a921bd511b64b2b55adb176cd629",
                "shasum": ""
            },
            "require": {
                "php": "^7.4|^8.0"
            },
            "require-dev": {
                "phpunit/phpunit": "^9.5",
                "roave/infection-static-analysis-plugin": "^1.7",
                "spatie/phpunit-watcher": "^1.23",
                "vimeo/psalm": "^4.6"
            },
            "type": "library",
            "autoload": {
                "psr-4": {
                    "Yiisoft\\NetworkUtilities\\": "src"
                }
            },
            "notification-url": "https://packagist.org/downloads/",
            "license": [
                "BSD-3-Clause"
            ],
            "description": "Network related utilities",
            "homepage": "http://www.yiiframework.com/",
            "keywords": [
                "IP",
                "dns",
                "mask",
                "network"
            ],
            "support": {
                "forum": "http://www.yiiframework.com/forum/",
                "irc": "irc://irc.freenode.net/yii",
                "issues": "https://github.com/yiisoft/network-utilities/issues?state=open",
                "source": "https://github.com/yiisoft/network-utilities",
                "wiki": "http://www.yiiframework.com/wiki/"
            },
            "funding": [
                {
                    "url": "https://github.com/yiisoft",
                    "type": "github"
                },
                {
                    "url": "https://opencollective.com/yiisoft",
                    "type": "open_collective"
                }
            ],
            "time": "2021-03-04T14:47:16+00:00"
        },
        {
            "name": "yiisoft/strings",
            "version": "2.0.0",
            "source": {
                "type": "git",
                "url": "https://github.com/yiisoft/strings.git",
                "reference": "935d6ce668d5d5db58eef18174859a61fbf4b2c2"
            },
            "dist": {
                "type": "zip",
                "url": "https://api.github.com/repos/yiisoft/strings/zipball/935d6ce668d5d5db58eef18174859a61fbf4b2c2",
                "reference": "935d6ce668d5d5db58eef18174859a61fbf4b2c2",
                "shasum": ""
            },
            "require": {
                "ext-mbstring": "*",
                "php": "^7.4|^8.0"
            },
            "require-dev": {
                "phpunit/phpunit": "^9.5",
                "roave/infection-static-analysis-plugin": "^1.7",
                "spatie/phpunit-watcher": "^1.23",
                "vimeo/psalm": "^4.4"
            },
            "type": "library",
            "autoload": {
                "psr-4": {
                    "Yiisoft\\Strings\\": "src"
                }
            },
            "notification-url": "https://packagist.org/downloads/",
            "license": [
                "BSD-3-Clause"
            ],
            "description": "Yii - String Helper",
            "homepage": "https://www.yiiframework.com/",
            "keywords": [
                "helper",
                "string",
                "yii"
            ],
            "support": {
                "forum": "https://www.yiiframework.com/forum/",
                "irc": "irc://irc.freenode.net/yii",
                "issues": "https://github.com/yiisoft/strings/issues",
                "source": "https://github.com/yiisoft/strings",
                "wiki": "https://www.yiiframework.com/wiki/"
            },
            "funding": [
                {
                    "url": "https://github.com/yiisoft",
                    "type": "github"
                },
                {
                    "url": "https://opencollective.com/yiisoft",
                    "type": "open_collective"
                }
            ],
            "time": "2021-02-10T20:59:30+00:00"
        },
        {
            "name": "yiisoft/validator",
            "version": "dev-master",
            "source": {
                "type": "git",
                "url": "https://github.com/yiisoft/validator.git",
                "reference": "2ef518ed999f9f25f91894067dee7dbef688ecac"
            },
            "dist": {
                "type": "zip",
                "url": "https://api.github.com/repos/yiisoft/validator/zipball/2ef518ed999f9f25f91894067dee7dbef688ecac",
                "reference": "2ef518ed999f9f25f91894067dee7dbef688ecac",
                "shasum": ""
            },
            "require": {
                "ext-json": "*",
                "ext-mbstring": "*",
                "php": "^7.4|^8.0",
                "yiisoft/arrays": "^2.0",
                "yiisoft/friendly-exception": "^1.0",
                "yiisoft/network-utilities": "^1.0",
                "yiisoft/strings": "^2.0"
            },
            "require-dev": {
                "phpunit/phpunit": "^9.5",
                "roave/infection-static-analysis-plugin": "^1.7",
                "spatie/phpunit-watcher": "^1.23",
                "vimeo/psalm": "^4.3"
            },
            "default-branch": true,
            "type": "library",
            "extra": {
                "branch-alias": {
                    "dev-master": "3.0.x-dev"
                },
                "config-plugin-options": {
                    "source-directory": "config"
                },
                "config-plugin": {
                    "common": "common.php"
                }
            },
            "autoload": {
                "psr-4": {
                    "Yiisoft\\Validator\\": "src"
                }
            },
            "notification-url": "https://packagist.org/downloads/",
            "license": [
                "BSD-3-Clause"
            ],
            "authors": [
                {
                    "name": "Alexander Makarov",
                    "email": "sam@rmcreative.ru",
                    "homepage": "http://rmcreative.ru/",
                    "role": "Core framework development"
                }
            ],
            "description": "Yii Validator",
            "homepage": "http://www.yiiframework.com/",
            "keywords": [
                "validation",
                "validator"
            ],
            "support": {
                "forum": "http://www.yiiframework.com/forum/",
                "irc": "irc://irc.freenode.net/yii",
                "issues": "https://github.com/yiisoft/validator/issues?state=open",
                "source": "https://github.com/yiisoft/validator",
                "wiki": "http://www.yiiframework.com/wiki/"
            },
            "funding": [
                {
                    "url": "https://github.com/yiisoft",
                    "type": "github"
                },
                {
                    "url": "https://opencollective.com/yiisoft",
                    "type": "open_collective"
                }
            ],
            "time": "2021-11-10T22:31:52+00:00"
        }
    ],
    "packages-dev": [],
    "aliases": [],
    "minimum-stability": "dev",
    "stability-flags": [],
    "prefer-stable": true,
    "prefer-lowest": false,
    "platform": [],
    "platform-dev": [],
    "plugin-api-version": "2.0.0"
}
